{
  "requires": true,
  "lockfileVersion": 1,
  "dependencies": {
    "@material/animation": {
      "version": "0.41.0",
      "resolved": "https://registry.npmjs.org/@material/animation/-/animation-0.41.0.tgz",
      "integrity": "sha512-yYAwJbX3Q2AFd4dr6IYOsWLQy2HN8zWOFVl9AbUXunjzTfJCa/ecfXCriaT6qkmoNoHeTdJHRrsQJZC5GsPvzA=="
    },
    "@material/base": {
      "version": "0.41.0",
      "resolved": "https://registry.npmjs.org/@material/base/-/base-0.41.0.tgz",
      "integrity": "sha512-tEyzwBRu3d1H120SfKsDVYZHcqT5lKohh/7cWKR93aAaPDkSvjpKJIjyu2yuSkjpDduVZGzVocYbOvhUKhhzXQ=="
    },
    "@material/elevation": {
      "version": "0.43.0",
      "resolved": "https://registry.npmjs.org/@material/elevation/-/elevation-0.43.0.tgz",
      "integrity": "sha512-/OM+7HVS26hCa+AU0dfD/cdEkj2ssYNYIWwmqUVVJUIhB4v/xRsfnCf0Z1KXGtXU+V3AhHp8T9q5LHDzrkOvnA==",
      "requires": {
        "@material/animation": "^0.41.0",
        "@material/theme": "^0.43.0"
      }
    },
    "@material/ripple": {
      "version": "0.43.0",
      "resolved": "https://registry.npmjs.org/@material/ripple/-/ripple-0.43.0.tgz",
      "integrity": "sha512-5X5xJtE1tM5QYrsvIe5coZNk7nt++vi40CDBVxS2abO+83ky91I5mH/djcm0vcSFmkHM/QOymEQBR3XDjA3XXQ==",
      "requires": {
        "@material/animation": "^0.41.0",
        "@material/base": "^0.41.0",
        "@material/theme": "^0.43.0"
      }
    },
    "@material/rtl": {
      "version": "0.42.0",
      "resolved": "https://registry.npmjs.org/@material/rtl/-/rtl-0.42.0.tgz",
      "integrity": "sha512-VrnrKJzhmspsN8WXHuxxBZ69yM5IwhCUqWr1t1eNfw3ZEvEj7i1g3P31HGowKThIN1dc1Wh4LE14rCISWCtv5w=="
    },
    "@material/selection-control": {
      "version": "0.43.0",
      "resolved": "https://registry.npmjs.org/@material/selection-control/-/selection-control-0.43.0.tgz",
      "integrity": "sha512-8vFMposydO3uZ9mWprTF7lUn3qniwuzLpjd3fZiMM0kSIT9hZautZdQlPjN6pV5sVvhf/Qgx3FZNnTvLm0MReA==",
      "requires": {
        "@material/ripple": "^0.43.0"
      }
    },
    "@material/switch": {
      "version": "0.43.0",
      "resolved": "https://registry.npmjs.org/@material/switch/-/switch-0.43.0.tgz",
      "integrity": "sha512-WEStItIH7lTSfLOB9G3o5kBAcLT9PWElvg/ZK1DqE/O85k4+cT7SWraQpT2HMJ6kS9fr7abr0MXZyU09kotlKg==",
      "requires": {
        "@material/animation": "^0.41.0",
        "@material/base": "^0.41.0",
        "@material/elevation": "^0.43.0",
        "@material/ripple": "^0.43.0",
        "@material/rtl": "^0.42.0",
        "@material/selection-control": "^0.43.0",
        "@material/theme": "^0.43.0"
      }
    },
    "@material/theme": {
      "version": "0.43.0",
      "resolved": "https://registry.npmjs.org/@material/theme/-/theme-0.43.0.tgz",
      "integrity": "sha512-/zndZL6EihI18v2mYd4O8xvOBAAXmLeHyHVK28LozSAaJ9okQgD25wq5Ktk95oMTmPIC+rH66KcK6371ivNk8g=="
    }
  }
}
